# This file is generated by running "yarn install" inside your project.
# Manual changes might be lost - proceed with caution!

__metadata:
  version: 4

"ansi-escapes@npm:^3.2.0":
  version: 3.2.0
  resolution: "ansi-escapes@npm:3.2.0"
  checksum: 2/0a106c53c71bc831a3245b49016a2630de4217674f4383761c7ef4fe78dfe73a897e323f27298783494b45ce3703f903013d4548c5411bafb6c5c937fb0b3f4e
  languageName: node
  linkType: hard

"ansi-regex@npm:^2.0.0":
  version: 2.1.1
  resolution: "ansi-regex@npm:2.1.1"
  checksum: 2/93a53c923fd433f67cd3d5647dffa6790f37bbfb924cf73ad23e28a8e414bde142d1da260d9a2be52ac4aa382063196880b1d40cf8b547642c746ed538ebf6c4
  languageName: node
  linkType: hard

"ansi-regex@npm:^3.0.0":
  version: 3.0.0
  resolution: "ansi-regex@npm:3.0.0"
  checksum: 2/2e3c40d42904366e4a1a7b906ea3ae7968179a50916dfa0fd3e59fd12333c5d95970a9a59067ac3406d97c78784d591f0b841a4efd365dafb261327ae1ea3478
  languageName: node
  linkType: hard

"ansi-regex@npm:^4.1.0":
  version: 4.1.0
  resolution: "ansi-regex@npm:4.1.0"
  checksum: 2/53b6fe447cf92ee59739379de637af6f86b3b8a9537fbfe36a66f946f1d9d34afc3efe664ac31bcc7c3af042d43eabcfcfd3f790316d474bbc7b19a4b1d132dd
  languageName: node
  linkType: hard

"ansi-styles@npm:^3.2.1":
  version: 3.2.1
  resolution: "ansi-styles@npm:3.2.1"
  dependencies:
    color-convert: ^1.9.0
  checksum: 2/456e1c23d9277512a47718da75e7fbb0a5ee215ef893c2f76d6b3efe8fceabc861121b80b0362146f5f995d21a1633f05a19bbf6283ae66ac11dc3b9c0bed779
  languageName: node
  linkType: hard

"arg@npm:^4.1.0":
  version: 4.1.3
  resolution: "arg@npm:4.1.3"
  checksum: 2/81b3b40b1529c4fbf75b12f7c3e6fb2dcce9e78072063babc169de9b4f40777788f3d2b04380f659ef676a756e03ccfbfe78adf4477353bda906295fa69dab89
  languageName: node
  linkType: hard

"argparse@npm:^1.0.7":
  version: 1.0.10
  resolution: "argparse@npm:1.0.10"
  dependencies:
    sprintf-js: ~1.0.2
  checksum: 2/435adaef5f6671c3ef1478a22be6fd54bdb99fdbbce8f5561b9cbbb05068ccce87b7df3b9f3322ff52a6ebb9cab2b427cbedac47a07611690a9beaa5184093e2
  languageName: node
  linkType: hard

"boolbase@npm:~1.0.0":
  version: 1.0.0
  resolution: "boolbase@npm:1.0.0"
  checksum: 2/e827963c416fdb1dbcd57e066a43c40829518f4dcdc9f58ed04519daeebb610adacbb6cf102518bda9f08be593c5b1b49a83e36bf6b7d91b3403f7e35510eeae
  languageName: node
  linkType: hard

"buffer-from@npm:^1.0.0":
  version: 1.1.1
  resolution: "buffer-from@npm:1.1.1"
  checksum: 2/540ceb79c4f5bfcadaabbc18324fa84c50dc52905084be7c03596a339cf5a88513bee6831ce9b36ddd046fab09257a7c80686e129d0559a0cfd141da196ad956
  languageName: node
  linkType: hard

"chalk@npm:^2.4.2":
  version: 2.4.2
  resolution: "chalk@npm:2.4.2"
  dependencies:
    ansi-styles: ^3.2.1
    escape-string-regexp: ^1.0.5
    supports-color: ^5.3.0
  checksum: 2/22c7b7b5bc761c882bb6516454a1a671923f1c53ff972860065aa0b28a195f230163c1d46ee88bcc7a03e5539177d896457d8bc727de7f244c6e87032743038e
  languageName: node
  linkType: hard

"chardet@npm:^0.7.0":
  version: 0.7.0
  resolution: "chardet@npm:0.7.0"
  checksum: 2/b71a4ee4648489291af86418b96247824a8c1ee4f4f95d6268967fb40e9fbf70500e72fb737d5186a23cf98c8a02b91d68cb2f426d7428e92883af9d31a037ec
  languageName: node
  linkType: hard

"cli-cursor@npm:^2.1.0":
  version: 2.1.0
  resolution: "cli-cursor@npm:2.1.0"
  dependencies:
    restore-cursor: ^2.0.0
  checksum: 2/df33c11b3c236c9238ec8112330e7a3f25d59c73b2cffea8ed4f9ab1881d93f8467d7a0920434a880e8cea37f264da5f26549f2afa350c764fac956c02fd841a
  languageName: node
  linkType: hard

"cli-width@npm:^2.0.0":
  version: 2.2.0
  resolution: "cli-width@npm:2.2.0"
  checksum: 2/0b3c1d53b2771dcca960d57979076d8d9a2065bda154a78029fcc9151d18f83d679c15c82d00c24f1365b744449225e9a931397848451887721f129d8e51aaa2
  languageName: node
  linkType: hard

"color-convert@npm:^1.9.0":
  version: 1.9.3
  resolution: "color-convert@npm:1.9.3"
  dependencies:
    color-name: 1.1.3
  checksum: 2/5f244daa3d1fe1f216d48878c550465067d15268688308554e613b7640a068f96588096d51f0b98b68f15d6ff6bb8ad24e172582ac8c0ad43fa4d3da60fd1b79
  languageName: node
  linkType: hard

"color-name@npm:1.1.3":
  version: 1.1.3
  resolution: "color-name@npm:1.1.3"
  checksum: 2/d8b91bb90aefc05b6ff568cf8889566dcc6269824df6f3c9b8ca842b18d7f4d089c07dc166808d33f22092d4a79167aa56a96a5ff0d21efab548bf44614db43b
  languageName: node
  linkType: hard

"cross-spawn@npm:^6.0.0":
  version: 6.0.5
  resolution: "cross-spawn@npm:6.0.5"
  dependencies:
    nice-try: ^1.0.4
    path-key: ^2.0.1
    semver: ^5.5.0
    shebang-command: ^1.2.0
    which: ^1.2.9
  checksum: 2/05fbbf957d9b81dc05fd799a238f6aacc2e7cc9783fff3f0e00439a97d6f269c90482571cbf1eeea17200fd119161a2d1f88aa49a8110b176e04f2a70825284f
  languageName: node
  linkType: hard

"css-select@npm:^1.1.0":
  version: 1.2.0
  resolution: "css-select@npm:1.2.0"
  dependencies:
    boolbase: ~1.0.0
    css-what: 2.1
    domutils: 1.5.1
    nth-check: ~1.0.1
  checksum: 2/c1fdd9040c677cd872e57761aafce8b603fa3c979117cc9d70e0e4901d6e0c751abe3b05b93d918835413165916d7f7132559a6f350863124f6bbbec2b1694d8
  languageName: node
  linkType: hard

"css-what@npm:2.1":
  version: 2.1.3
  resolution: "css-what@npm:2.1.3"
  checksum: 2/732fcecfe3247eadd79081790934f9aa003ca935657d87a4737afc03dc378f8f3d1a071066328a226d98299d15e855c886f625119fe1d7f2367659d3335bde6f
  languageName: node
  linkType: hard

"diff@npm:^4.0.1":
  version: 4.0.2
  resolution: "diff@npm:4.0.2"
  checksum: 2/81b5cd7ddde6f0ba2a532d434cfdca365aedd6cc62bb133e851e66e071d40382a30924a07c1034bd3d5a2e332146f64514b73c06fe2ebc0490a67f0c98da79fb
  languageName: node
  linkType: hard

"dom-converter@npm:^0.2":
  version: 0.2.0
  resolution: "dom-converter@npm:0.2.0"
  dependencies:
    utila: ~0.4
  checksum: 2/437b4464bd3c5e654decf855f9263e939d633d7bb720512f9a400b3e1005d870eb4a5fbead7d9ccb7849f7df5ee30c62f9a56b68143c13575ae5fef16007742c
  languageName: node
  linkType: hard

"dom-serializer@npm:0":
  version: 0.2.2
  resolution: "dom-serializer@npm:0.2.2"
  dependencies:
    domelementtype: ^2.0.1
    entities: ^2.0.0
  checksum: 2/598e05e71b8cdb03424393c0631818b978b9fee2dd18d0215a9ee97a6dee86bddd1dcfae4609c173185a9f1bcde24d4a87e1f0d512d66b76536b21fc3f34fc03
  languageName: node
  linkType: hard

"domelementtype@npm:1, domelementtype@npm:^1.3.1":
  version: 1.3.1
  resolution: "domelementtype@npm:1.3.1"
  checksum: 2/a4791788de07071422b2fe63b58cfb89c2507def6864954d0d7a062adb00fc925059856d29c3e48051c8fa2f20147e5d3fb24b1adbc5bdf0f9e99981b53b74c6
  languageName: node
  linkType: hard

"domelementtype@npm:^2.0.1":
  version: 2.0.1
  resolution: "domelementtype@npm:2.0.1"
  checksum: 2/9ddda35625a244de9a4832b1cf861f80e146faf6f0e70efe5a88c2c54c34e29e745f7048992dadc3af91c031abe035782f4dc16e6e7862eff6e80bd7c79327df
  languageName: node
  linkType: hard

"domhandler@npm:^2.3.0":
  version: 2.4.2
  resolution: "domhandler@npm:2.4.2"
  dependencies:
    domelementtype: 1
  checksum: 2/dbe99b096aaf6e0618efc2e7e39d46448cba00999b08ba14970ee4d7a8916c4d4d463fcc1b4a7f247b34f47d1c115eec8fa5f8a4d1e430b2207da32bdf41f49a
  languageName: node
  linkType: hard

"domutils@npm:1.5.1":
  version: 1.5.1
  resolution: "domutils@npm:1.5.1"
  dependencies:
    dom-serializer: 0
    domelementtype: 1
  checksum: 2/ffc578118d3e50d0f34a0bba37575492998d43b7e54764533b1890e6c233b67068a0f369d1d23d200aa71c3fe87f2d60fdc4a87479e416edafecc33f00fc9735
  languageName: node
  linkType: hard

"domutils@npm:^1.5.1":
  version: 1.7.0
  resolution: "domutils@npm:1.7.0"
  dependencies:
    dom-serializer: 0
    domelementtype: 1
  checksum: 2/a5b2f01fb3ff626073e3c3b43fedcff34073fb059b1235ee31cd0b5690d826304f41bc3fd117f95d754a1666ac3a57d224b408d83dd4f1c4525fd5b636d8df6f
  languageName: node
  linkType: hard

"end-of-stream@npm:^1.1.0":
  version: 1.4.4
  resolution: "end-of-stream@npm:1.4.4"
  dependencies:
    once: ^1.4.0
  checksum: 2/7da60e458bdb5e16c006a45e85ef3bc1e3791db5ba275b0913258ccddc8899acb9252c4ddbcce87bd1b46e2a3f97315aafb9f0c0330e8aac44defb504a9d3ccd
  languageName: node
  linkType: hard

"entities@npm:^1.1.1":
  version: 1.1.2
  resolution: "entities@npm:1.1.2"
  checksum: 2/3a4259db358c612853e616915d398e692a3c5dbaa4da44b9a6fce15ab88615cadc9790af608c3bee152972ece69ae61a22f4a13272fd943db2ceaee02ce5cc87
  languageName: node
  linkType: hard

"entities@npm:^2.0.0":
  version: 2.0.0
  resolution: "entities@npm:2.0.0"
  checksum: 2/cc29118c9d4ddee373392bbf81fc4a3866f2efc76e9d1e87fdc5f9ed8c308ae146c494a6200a4917655e64f43756540007142a140557eed0dea1e3cff0d03486
  languageName: node
  linkType: hard

"env-variable@npm:0.0.5":
  version: 0.0.5
  resolution: "env-variable@npm:0.0.5"
  checksum: 2/3ddabf426abd0eef24d9082603bf025af27cd8c9aadc79c3cf610641c5fefc533cd2fefdb3414058064a8c8eb99cd4ee941c65c437a2a7cf8b64491dce202469
  languageName: node
  linkType: hard

"escape-string-regexp@npm:^1.0.5":
  version: 1.0.5
  resolution: "escape-string-regexp@npm:1.0.5"
  checksum: 2/f9484b8b4c8827d816e0fd905c25ed4b561376a9c220e1430403ea84619bf680c76a883a48cff8b8e091daf55d6a497e37479f9787b9f15f3c421b6054289744
  languageName: node
  linkType: hard

"esprima@npm:^4.0.0":
  version: 4.0.1
  resolution: "esprima@npm:4.0.1"
  bin:
    esparse: ./bin/esparse.js
    esvalidate: ./bin/esvalidate.js
  checksum: 2/5df45a3d9c95c36800d028ba76d8d4e04e199932b58c2939f462f859fd583e7d39b4a12d3f97986cf272a28a5fe5948ee6e49e36ef63f67b5b48d82a635c5081
  languageName: node
  linkType: hard

"execa@npm:~1.0.0":
  version: 1.0.0
  resolution: "execa@npm:1.0.0"
  dependencies:
    cross-spawn: ^6.0.0
    get-stream: ^4.0.0
    is-stream: ^1.1.0
    npm-run-path: ^2.0.0
    p-finally: ^1.0.0
    signal-exit: ^3.0.0
    strip-eof: ^1.0.0
  checksum: 2/39714ea24e349403f9fc92b450f0e6823cdd4573e15b17c0fba6d95f2eecd46dc32624bbf15071d91e2c64a4402c74ce7a362671126964100ad34e2d6210adf9
  languageName: node
  linkType: hard

"external-editor@npm:^3.0.3":
  version: 3.1.0
  resolution: "external-editor@npm:3.1.0"
  dependencies:
    chardet: ^0.7.0
    iconv-lite: ^0.4.24
    tmp: ^0.0.33
  checksum: 2/22163643f9938f4d46bab20ee0417cf1131aaf9ea4c546184d3668f689b8f7fc0d750b5a60857cb8ea09e4651b2c49fe30eb5a0903697e3c2d837da1e90d2d7c
  languageName: node
  linkType: hard

"figures@npm:^2.0.0":
  version: 2.0.0
  resolution: "figures@npm:2.0.0"
  dependencies:
    escape-string-regexp: ^1.0.5
  checksum: 2/de1145903784bd0b8bca1716426825d0a608fa81f370e0779047ef3f8d4509896f81435093e62a887717aeed0b8c8a92da7953f7f506ca57e62cf95d12b6c65a
  languageName: node
  linkType: hard

"get-stream@npm:^4.0.0":
  version: 4.1.0
  resolution: "get-stream@npm:4.1.0"
  dependencies:
    pump: ^3.0.0
  checksum: 2/f41bb3c74de09d1dbe1e9d0b6d12520875d99b7ecd32c71ee21eea26d32ca74110e2406922ca64ed8cd6f10076c5f59e4fd128f10cc292eae3b669379e5f18ed
  languageName: node
  linkType: hard

"has-flag@npm:^3.0.0":
  version: 3.0.0
  resolution: "has-flag@npm:3.0.0"
  checksum: 2/63aade480d27aeedb3b5b63a2e069d47d0006bf182338d662e7941cdc024e68a28418e0efa8dc5df30db9c4ee2407f39e6ea3f16cfbc6b83848b450826a28aa0
  languageName: node
  linkType: hard

"htmlparser2@npm:^3.3.0":
  version: 3.10.1
  resolution: "htmlparser2@npm:3.10.1"
  dependencies:
    domelementtype: ^1.3.1
    domhandler: ^2.3.0
    domutils: ^1.5.1
    entities: ^1.1.1
    inherits: ^2.0.1
    readable-stream: ^3.1.1
  checksum: 2/94fa6312e6c378b1c0f1626d3f468f0b25c5dcf6689bfa61fa0002c044c4c77842b5122feb84b501b02539165917febba0ffe754046996c9e8ed77c1bb65e66c
  languageName: node
  linkType: hard

"iconv-lite@npm:^0.4.24":
  version: 0.4.24
  resolution: "iconv-lite@npm:0.4.24"
  dependencies:
    safer-buffer: ">= 2.1.2 < 3"
  checksum: 2/a9b9521066ee81853a8561e92bd7240bc5d3b7d5ef7da807a475e7858b0246e318b6af518c30a20a8749ef5eafeaa9631079446e4e696c7b60f468b34dc2cbfc
  languageName: node
  linkType: hard

"inherits@npm:^2.0.1, inherits@npm:^2.0.3":
  version: 2.0.4
  resolution: "inherits@npm:2.0.4"
  checksum: 2/98426da247ddfc3dcd7d7daedd90c3ca32d5b08deca08949726f12d49232aef94772a07b36cf4ff833e105ae2ef931777f6de4a6dd8245a216b9299ad4a50bea
  languageName: node
  linkType: hard

"inquirer@npm:~6.2.2":
  version: 6.2.2
  resolution: "inquirer@npm:6.2.2"
  dependencies:
    ansi-escapes: ^3.2.0
    chalk: ^2.4.2
    cli-cursor: ^2.1.0
    cli-width: ^2.0.0
    external-editor: ^3.0.3
    figures: ^2.0.0
    lodash: ^4.17.11
    mute-stream: 0.0.7
    run-async: ^2.2.0
    rxjs: ^6.4.0
    string-width: ^2.1.0
    strip-ansi: ^5.0.0
    through: ^2.3.6
  checksum: 2/7117c984462d7250f06830110d9d540adef01c8cc6f0611cd1348021e080de47ef353ff9e4e44f686605ca87dcc7a3deb79a0864b90f91cf3e7790eb73515e85
  languageName: node
  linkType: hard

"is-fullwidth-code-point@npm:^2.0.0":
  version: 2.0.0
  resolution: "is-fullwidth-code-point@npm:2.0.0"
  checksum: 2/e1e5284f848ab6885665967cd768292a75022304d4401e78937a68f423047c29bfe87a43a9cdb67a3210fff7bcd5da51469122a0eff59b03261c379e58dbe921
  languageName: node
  linkType: hard

"is-promise@npm:^2.1.0":
  version: 2.1.0
  resolution: "is-promise@npm:2.1.0"
  checksum: 2/3387cf8d8720439e3f8945e962ecf7590df81dfc89bcfea97f41b7db317c8997a82224014fc8f81e3634841f97b5bf103d8584d3ecdd7b6e159a793d8e3f6ad1
  languageName: node
  linkType: hard

"is-stream@npm:^1.1.0":
  version: 1.1.0
  resolution: "is-stream@npm:1.1.0"
  checksum: 2/39843ee9ff68ebda05237199f18831eb6e0e28db7799ee9ddaac5573b0681f18b4dc427afdb7b7ad906db545e4648999c42a1810b277acc8451593ff59da00fa
  languageName: node
  linkType: hard

"isexe@npm:^2.0.0":
  version: 2.0.0
  resolution: "isexe@npm:2.0.0"
  checksum: 2/7b437980bb77881a146fba85cfbdf01edc2b148673e9c2722a1e49661fea73adf524430a80fdbfb8ce9f60d43224e682c657c45030482bd39e0c488fc29b4afe
  languageName: node
  linkType: hard

"js-yaml@npm:~3.13.0":
  version: 3.13.1
  resolution: "js-yaml@npm:3.13.1"
  dependencies:
    argparse: ^1.0.7
    esprima: ^4.0.0
  bin:
    js-yaml: bin/js-yaml.js
  checksum: 2/277157fdf235757b71cfbf24f6bef57576a26d9b4cf89b63d89c9044da7b0f9d16c3629c8b5fd549ae343523727a0df1598794e9a4429763cee4e17056ff8523
  languageName: node
  linkType: hard

"lib1@workspace:packages/lib1":
  version: 0.0.0-use.local
  resolution: "lib1@workspace:packages/lib1"
  dependencies:
    ts-node: ^8.6.2
    typescript: ^3.8.2
  languageName: unknown
  linkType: soft

"lib2@workspace:packages/lib2":
  version: 0.0.0-use.local
  resolution: "lib2@workspace:packages/lib2"
  dependencies:
    lib1: "workspace:packages/lib1"
    ts-node: ^8.6.2
    typescript: ^3.8.2
  languageName: unknown
  linkType: soft

"lodash@npm:^4.17.11":
  version: 4.17.15
  resolution: "lodash@npm:4.17.15"
  checksum: 2/aec3fbb7570aa67bda500b8299b1b1821d60646bede87f76a74dfcc7666ab3445267d734ec71424d70809d52ad67a1356fab5ab694a3faa1908d68e9d48f00f5
  languageName: node
  linkType: hard

"make-error@npm:^1.1.1":
  version: 1.3.6
  resolution: "make-error@npm:1.3.6"
  checksum: 2/2c780bab8409b865e8ee86697c599a2bf2765ec64d21eb67ccda27050e039f983feacad05a0d43aba3c966ea03d305d2612e94fec45474bcbc61181f57c5bb88
  languageName: node
  linkType: hard

"mimic-fn@npm:^1.0.0":
  version: 1.2.0
  resolution: "mimic-fn@npm:1.2.0"
  checksum: 2/159155e209bdbccae0bf8cd4b4065543fe7a82161541d9860c223583e92e0ae092d809b9f3c2aced74fc00362ff338bfeeec793bf3e14cf27c615a1e3009394d
  languageName: node
  linkType: hard

"mute-stream@npm:0.0.7":
  version: 0.0.7
  resolution: "mute-stream@npm:0.0.7"
  checksum: 2/698fe32d888ed57c041df482b5cd43f4f51db373191c2e658db728bddfb090294952e11eee585752b8c9e8a02e83c7e47fb6b1664dd1effc685ae38fb1d8bf95
  languageName: node
  linkType: hard

"nice-try@npm:^1.0.4":
  version: 1.0.5
  resolution: "nice-try@npm:1.0.5"
  checksum: 2/330f190bf68146a560008b661e1ddbb2eac667c16990b6bf791516d89cceb707ec67901ad647d2b32674bfa816b916489cead5c2fb6e96864c659573ab5aa3bb
  languageName: node
  linkType: hard

"normalize-newline@npm:~3.0.0":
  version: 3.0.0
  resolution: "normalize-newline@npm:3.0.0"
  checksum: 2/cea3380dfe74c9fa761d13ffa063c5f03813b877701cd7df58cd22b3b3e1e5742685423e8db80c033ef8861d0bdc795e57b72133c41bd7988d8797bd7b5df4bd
  languageName: node
  linkType: hard

"npm-run-path@npm:^2.0.0":
  version: 2.0.2
  resolution: "npm-run-path@npm:2.0.2"
  dependencies:
    path-key: ^2.0.0
  checksum: 2/0a1bc9a1e0faa7e54a011929b830121d5da393f50cbe37c83f3ffd67781b6d176739ba6e8eab5d56faa05738a60f7eb50389673767db0dc887073932f80b9b60
  languageName: node
  linkType: hard

"nth-check@npm:~1.0.1":
  version: 1.0.2
  resolution: "nth-check@npm:1.0.2"
  dependencies:
    boolbase: ~1.0.0
  checksum: 2/88a58b8b6289344749102019422705e8e6fa870d55e4bd4c71f860105ea5b8145ae71657f6edd6df953964081f52d65936a3eec4af1d9ee42122e42d293b2abe
  languageName: node
  linkType: hard

"object-path@npm:0.6.0":
  version: 0.6.0
  resolution: "object-path@npm:0.6.0"
  checksum: 2/f40a5a35986eb1674a8fbe565f209f7af3047ca5c345d5d4bd2259d616c3e57e1bd690c552026c2d8a554cde688f1f47c99f7afcd227ada2ef85b3e2f03f481b
  languageName: node
  linkType: hard

"once@npm:^1.3.1, once@npm:^1.4.0":
  version: 1.4.0
  resolution: "once@npm:1.4.0"
  dependencies:
    wrappy: 1
  checksum: 2/57afc246536cf6494437f982b26475f22bee860f8b77ce8eb1543f42a8bffe04b2c66ddfea9a16cb25ccb80943f8ee4fc639367ef97b7a6a4f2672eb573963f5
  languageName: node
  linkType: hard

"onetime@npm:^2.0.0":
  version: 2.0.1
  resolution: "onetime@npm:2.0.1"
  dependencies:
    mimic-fn: ^1.0.0
  checksum: 2/a4f56fdd3ad40618c06be5dd601dcdc6f6567cc8da7a8955eb208fc027b5f2eec052b15f3097b4575728a2928c24c9d6deaac7bf53883d9d8ffe13abdccdec08
  languageName: node
  linkType: hard

"orderly-queue@npm:~0.1.10":
  version: 0.1.10
  resolution: "orderly-queue@npm:0.1.10"
  checksum: 2/e05d00db698fe75621d620792dc3f03061ec679f4c2bf4d65732d45d38a2f4a46da37375e14e65770e15bd4679a419010e2542bd8f303c3649b0f235d33011e2
  languageName: node
  linkType: hard

"os-tmpdir@npm:~1.0.2":
  version: 1.0.2
  resolution: "os-tmpdir@npm:1.0.2"
  checksum: 2/ca158a3c2e48748adc7736cdbe4c593723f8ed8581d2aae2f2a30fdb9417d4ba14bed1cd487d47561898a7b1ece88bce69745e9ce0303e1dea9ea7d22d1f1082
  languageName: node
  linkType: hard

"p-finally@npm:^1.0.0":
  version: 1.0.0
  resolution: "p-finally@npm:1.0.0"
  checksum: 2/01f49b2d9c67573b3a1cb253cd9e1ecf5c912b6ba5de8824118bbc8d647bfa6296820b5a536e91ec68a54395d4e1c58de9a381ded3b688074fb446a8fe351931
  languageName: node
  linkType: hard

"path-key@npm:^2.0.0, path-key@npm:^2.0.1":
  version: 2.0.1
  resolution: "path-key@npm:2.0.1"
  checksum: 2/7dc807a2baa11d6bc0fca72148a0a0ca69ab73d98fbe42e10d22764d1ef547767f2b4ff827c6bc66e733388cd8d54297a45a39499825b9fdfd18959202384029
  languageName: node
  linkType: hard

"pretty-error@npm:~2.1.1":
  version: 2.1.1
  resolution: "pretty-error@npm:2.1.1"
  dependencies:
    renderkid: ^2.0.1
    utila: ~0.4
  checksum: 2/dc2a92f59888eac1bd3861b439944ab50c46fcc957c3147126270f1e9e06c7bbacde1ab23ab2fc73c8f3a1961094db0878ec8a569f1d5606343a0ada7899cfc4
  languageName: node
  linkType: hard

"pump@npm:^3.0.0":
  version: 3.0.0
  resolution: "pump@npm:3.0.0"
  dependencies:
    end-of-stream: ^1.1.0
    once: ^1.3.1
  checksum: 2/5464d5cf6c6f083cc60cb45b074fb9a4a92ba4d3e0d89e9b2fa1906d8151fd3766784a426725ccf1af50d1c29963ac20b13829933549830e08a6704e3f95e08c
  languageName: node
  linkType: hard

"ramda@npm:~0.26.1":
  version: 0.26.1
  resolution: "ramda@npm:0.26.1"
  checksum: 2/22e3fbfabdf45d7f7e8e0ff198be6c1f94d1cc16dd68f4c1786436b4583f8f1ef610a3bf0e8e8984c11346791da6ebadbe5b63dd29f2939bdfed7362d277c07b
  languageName: node
  linkType: hard

"readable-stream@npm:^3.1.1":
  version: 3.6.0
  resolution: "readable-stream@npm:3.6.0"
  dependencies:
    inherits: ^2.0.3
    string_decoder: ^1.1.1
    util-deprecate: ^1.0.1
  checksum: 2/f178b1daa80d9e58ebba71dbb08486430aa6f0dea3a22a1b7401f3f6983077d0bc0edea43099db06b8d006c9ad48d6383e8fb72c05d5b187670aeaf1b9b44f00
  languageName: node
  linkType: hard

"renderkid@npm:^2.0.1":
  version: 2.0.3
  resolution: "renderkid@npm:2.0.3"
  dependencies:
    css-select: ^1.1.0
    dom-converter: ^0.2
    htmlparser2: ^3.3.0
    strip-ansi: ^3.0.0
    utila: ^0.4.0
  checksum: 2/6520020e223b934fba7faf2c87242b065196d48a6ef8fc6c2c371379ed9c3a40cd8254d7db4b1cfb1bfad254b17d346800270bb0b8e7b96002285f5b9bf13c98
  languageName: node
  linkType: hard

"restore-cursor@npm:^2.0.0":
  version: 2.0.0
  resolution: "restore-cursor@npm:2.0.0"
  dependencies:
    onetime: ^2.0.0
    signal-exit: ^3.0.2
  checksum: 2/950c88d84a4cb44d4db29766ab1f2c95e2d23e89a9c65e95e5ecc83be061d0405c5f9366ce6e53b769c9e718acd3be523cba55a9bd5e898b0d7ca1e69194438d
  languageName: node
  linkType: hard

"run-async@npm:^2.2.0":
  version: 2.4.0
  resolution: "run-async@npm:2.4.0"
  dependencies:
    is-promise: ^2.1.0
  checksum: 2/1d806e363ef68703be17c0288a00c731618d0bba334f85b65741cfe482171c567a44e37c4bd6c0ab85f7359983281df6d3ed0fcb3088cbfdc912a3aa935f38e4
  languageName: node
  linkType: hard

"rxjs@npm:^6.4.0":
  version: 6.5.4
  resolution: "rxjs@npm:6.5.4"
  dependencies:
    tslib: ^1.9.0
  checksum: 2/8e2b3c1c5ce1134212145f4ee3abd0ad1d3f84efeba1014490627e1176f15ceaeb8c79954d8473fbe01ee33443438a7a9588d442173145eddb294990d7e62102
  languageName: node
  linkType: hard

"safe-buffer@npm:~5.2.0":
  version: 5.2.0
  resolution: "safe-buffer@npm:5.2.0"
  checksum: 2/e513079353a235749e64dc3b1ade741caf651c09d1291ee826e68d42c08913dcd2c76b291dd23979b0fd0bd551d99f4a3d8cc05aef4e9c75bebf6cbbd310b129
  languageName: node
  linkType: hard

"safer-buffer@npm:>= 2.1.2 < 3":
  version: 2.1.2
  resolution: "safer-buffer@npm:2.1.2"
  checksum: 2/549ba83f5b314b59898efe3422120ce1ca7987a6eae5925a5fa5db930dc414d4a9dde0a5594f89638cd6ea60b6840ea961872908933ac2428d1726489db46fa5
  languageName: node
  linkType: hard

"semver@npm:^5.5.0":
  version: 5.7.1
  resolution: "semver@npm:5.7.1"
  bin:
    semver: ./bin/semver
  checksum: 2/06ff0ed753ebf741b7602be8faad620d6e160a2cb3f61019d00d919c8bca141638aa23c34da779b8595afdc9faa3678bfbb5f60366b6a4f65f98cf86605bbcdb
  languageName: node
  linkType: hard

"shebang-command@npm:^1.2.0":
  version: 1.2.0
  resolution: "shebang-command@npm:1.2.0"
  dependencies:
    shebang-regex: ^1.0.0
  checksum: 2/2a1e0092a6b80b14ec742ef4e982be8aa670edc7de3e8c68b26744fb535051f7d92518106387b52e9aabe0c1ceae33d23a7dfdb94c3d7f5035c3868b723a2854
  languageName: node
  linkType: hard

"shebang-regex@npm:^1.0.0":
  version: 1.0.0
  resolution: "shebang-regex@npm:1.0.0"
  checksum: 2/cf1a41cb09023e7d39739d7145fcba57c3fabc6728b78ce706f7315cf52dfadf30f7eea664e069224fbcbbfb6ab853bc55ac45f494b47ee73fc209c98487fae5
  languageName: node
  linkType: hard

"signal-exit@npm:^3.0.0, signal-exit@npm:^3.0.2":
  version: 3.0.2
  resolution: "signal-exit@npm:3.0.2"
  checksum: 2/e4a13a074d8f32d804950dd21490295513c683a5692685b96087b29de3b74990e798c61c7bd4c6133c34c890f6133ad6361e26fd6a7b142b86aa4df13449444e
  languageName: node
  linkType: hard

"sort-by@npm:~1.2.0":
  version: 1.2.0
  resolution: "sort-by@npm:1.2.0"
  dependencies:
    object-path: 0.6.0
  checksum: 2/333f263c5176a2822543f0dd5303948c039b1b597e09a4bd383551d271579df970925bad08f4840f4550e5c6850727316daac39d9d9066ae4fa4c9027612649a
  languageName: node
  linkType: hard

"source-map-support@npm:^0.5.6":
  version: 0.5.16
  resolution: "source-map-support@npm:0.5.16"
  dependencies:
    buffer-from: ^1.0.0
    source-map: ^0.6.0
  checksum: 2/cf44ce8b694a32bc63f686826bc7e254e5025d4c7eeb4f0c76f61c828cd81067f0df88c0414c50db728dc3d207fb032d7c50c3b419286330332ddbdd4d2689d7
  languageName: node
  linkType: hard

"source-map@npm:^0.6.0":
  version: 0.6.1
  resolution: "source-map@npm:0.6.1"
  checksum: 2/8647829a0611724114022be455ca1c8a2c8ae61df81c5b3667d9b398207226a1e21174fb7bbf0b4dbeb27ac358222afb5a14f1c74a62a62b8883b012e5eb1270
  languageName: node
  linkType: hard

"spawn-sync@npm:~2.0.0":
  version: 2.0.0
  resolution: "spawn-sync@npm:2.0.0"
  checksum: 2/4e7863c4f00b601aa5f0ceb5f42b53b9d7894c593e34372ecb70152e92851883df8c2620a87bbbac2f10f7b92dac0b53ae179c9d1249f1e691461dad65a2706f
  languageName: node
  linkType: hard

"sprintf-js@npm:~1.0.2":
  version: 1.0.3
  resolution: "sprintf-js@npm:1.0.3"
  checksum: 2/51df1bce9e577287f56822d79ac5bd94f6c634fccf193895f2a1d2db2e975b6aa7bc97afae9cf11d49b7c37fe4afc188ff5c4878be91f2c86eabd11c5df8b62c
  languageName: node
  linkType: hard

"string-width@npm:^2.1.0":
  version: 2.1.1
  resolution: "string-width@npm:2.1.1"
  dependencies:
    is-fullwidth-code-point: ^2.0.0
    strip-ansi: ^4.0.0
  checksum: 2/906b4887c39d247e9d12dfffb42bfe68655b52d27758eb13e069dce0f4cf2e7f82441dbbe44f7279298781e6f68e1c659451bd4d9e2bbe9d487a157ad14ae1bd
  languageName: node
  linkType: hard

"string_decoder@npm:^1.1.1":
  version: 1.3.0
  resolution: "string_decoder@npm:1.3.0"
  dependencies:
    safe-buffer: ~5.2.0
  checksum: 2/0a09afb610cb538707fcf0a50a080f159040529eabdba82f23b04f1d1f90adf9ba18cc3800231c6ab2ee55dece047f4bed87c56da52b2afd85c3c7fb73eb7e48
  languageName: node
  linkType: hard

"strip-ansi@npm:^3.0.0":
  version: 3.0.1
  resolution: "strip-ansi@npm:3.0.1"
  dependencies:
    ansi-regex: ^2.0.0
  checksum: 2/98772dcf440d08f65790ee38cd186b1f139fa69b430e75f9d9c11f97058662f82a22c2ba03a30f502f948958264e99051524fbf1819edaa8a8bbb909ece297da
  languageName: node
  linkType: hard

"strip-ansi@npm:^4.0.0":
  version: 4.0.0
  resolution: "strip-ansi@npm:4.0.0"
  dependencies:
    ansi-regex: ^3.0.0
  checksum: 2/9ac63872c2ba5e8a946c6f3a9c1ab81db5b43bce0d24a33b016e5666d3efda421f721447a1962611053a3ca1595b8742b0216fcc25886958d4565b7afcd27013
  languageName: node
  linkType: hard

"strip-ansi@npm:^5.0.0":
  version: 5.2.0
  resolution: "strip-ansi@npm:5.2.0"
  dependencies:
    ansi-regex: ^4.1.0
  checksum: 2/44a0d0d354f5f7b15f83323879a9112ea746daae7bef0b68238a27626ee757d9a04ce6590433841e14b325e8e7c5d62b8442885e50497e21b7cbca6da40d54ea
  languageName: node
  linkType: hard

"strip-eof@npm:^1.0.0":
  version: 1.0.0
  resolution: "strip-eof@npm:1.0.0"
  checksum: 2/905cd8718ad2e7b3a9c4bc6a9ed409c38b8cef638845a9471884547de0dbe611828d584e749a38d3eebc2d3c830ea9c619d78875a639b7413d93080661807376
  languageName: node
  linkType: hard

"supports-color@npm:^5.3.0":
  version: 5.5.0
  resolution: "supports-color@npm:5.5.0"
  dependencies:
    has-flag: ^3.0.0
  checksum: 2/edacee6425498440744c418be94b0660181aad2a1828bcf2be85c42bd385da2fd8b2b358d9b62b0c5b03ff5cd3e992458d7b8f879d9fb42f2201fe05a4848a29
  languageName: node
  linkType: hard

"taskfile@npm:^0.10.0":
  version: 0.10.0
  resolution: "taskfile@npm:0.10.0"
  dependencies:
    env-variable: 0.0.5
    execa: ~1.0.0
    inquirer: ~6.2.2
    js-yaml: ~3.13.0
    normalize-newline: ~3.0.0
    orderly-queue: ~0.1.10
    pretty-error: ~2.1.1
    ramda: ~0.26.1
    sort-by: ~1.2.0
    spawn-sync: ~2.0.0
    thread-sleep: ~2.2.0
    try-thread-sleep: ~2.0.0
  bin:
    taskfile: ./bin/index.js
  checksum: 2/8372ad3d495ff48589f692763f84327693bf27c7a3118ed7facac73f0bdae19d4a1c4f9b7589eb2ba0953bbd9f90b179b28cb791ef5f6cdbdeab75af0b0ea089
  languageName: node
  linkType: hard

"thread-sleep@npm:^2.0.0, thread-sleep@npm:~2.2.0":
  version: 2.2.0
  resolution: "thread-sleep@npm:2.2.0"
  checksum: 2/29e6b7bc1e39192728471a1d1ecc0a84d3dffd1eb560e9b7fcccc17139b82ca2a6f122c894c8a38f90e2977afe8b9bfc4fad33c6f62cfcb7a81d0ce8c997a12d
  languageName: node
  linkType: hard

"through@npm:^2.3.6":
  version: 2.3.8
  resolution: "through@npm:2.3.8"
  checksum: 2/918d9151680b5355990011eb8c4b02e8cb8cf6e9fb6ea3d3e5a1faa688343789e261634ae35de4ea9167ab029d1e7bac6af2fe61b843931768d405fdc3e8897c
  languageName: node
  linkType: hard

"tmp@npm:^0.0.33":
  version: 0.0.33
  resolution: "tmp@npm:0.0.33"
  dependencies:
    os-tmpdir: ~1.0.2
  checksum: 2/77666ca424a78fcfcc27a6576f24f01aa1300b10d22e4f1808809e560777672dd2d4a112604ab2ad86ec7cafd24472b9ccc41373c2b5b83797f27e6aff06cbe5
  languageName: node
  linkType: hard

"try-thread-sleep@npm:~2.0.0":
  version: 2.0.0
  resolution: "try-thread-sleep@npm:2.0.0"
  dependencies:
    thread-sleep: ^2.0.0
  dependenciesMeta:
    thread-sleep:
      optional: true
  checksum: 2/ab604bef0612235a20919ee30be220e04d566b7b6febb13ec46b3eebfa395ef1d8c13ce5b2ea44a106ec47bd310548f8a3b835c4890fbf894b1ea9b20378c895
  languageName: node
  linkType: hard

"ts-node@npm:^8.6.2":
  version: 8.6.2
  resolution: "ts-node@npm:8.6.2"
  dependencies:
    arg: ^4.1.0
    diff: ^4.0.1
    make-error: ^1.1.1
    source-map-support: ^0.5.6
    yn: 3.1.1
  peerDependencies:
    typescript: ">=2.7"
  bin:
    ts-node: dist/bin.js
    ts-script: dist/script.js
  checksum: 2/56103b97ca6562914446af3db546c7988260d707321313d7eb9bd20b4302f73e684c920031aa618733bcdef19f881b0a8c5339fb1963908af50fec063ab34ef9
  languageName: node
  linkType: hard

"tslib@npm:^1.9.0":
  version: 1.11.0
  resolution: "tslib@npm:1.11.0"
  checksum: 2/fa014c310808080e07b14d33aa52a3c8c8038f25fd7164a8e7d038fd6f2ca767b5a9305c77147d7d59ccd93bdf7a461a3c1d7ae53dfaca43501a2623834def97
  languageName: node
  linkType: hard

typescript@^3.8.2:
  version: 3.8.2
  resolution: "typescript@npm:3.8.2"
  bin:
    tsc: bin/tsc
    tsserver: bin/tsserver
  checksum: 2/12d822e84f0d1280d7aa7bb9f0e80b756e1e2d61b481bc1aff6e063e4839f3da6367bfae64338906fcb019c43ca82215a00a747f453ca157d72ce337f3825c88
  languageName: node
  linkType: hard

"typescript@patch:typescript@^3.8.2#builtin<compat/typescript>":
  version: 3.8.2
  resolution: "typescript@patch:typescript@npm%3A3.8.2#builtin<compat/typescript>::version=3.8.2&hash=273569"
  bin:
    tsc: bin/tsc
    tsserver: bin/tsserver
  checksum: 2/712782c4372bd95cf0f9c1f9e7bc72637ab417722952889503107dd4e64169d537ad01d227cf6d513460a8a0fe328e52cbf22a2dab9966004c6ae0bca6743ba5
  languageName: node
  linkType: hard

"util-deprecate@npm:^1.0.1":
  version: 1.0.2
  resolution: "util-deprecate@npm:1.0.2"
  checksum: 2/73c2b1cf0210ccac300645384d8443cabbd93194117b2dc1b3bae8d8279ad39aedac857e020c4ea505e96a1045059c7359db3df6a9df0be6b8584166c9d61dc9
  languageName: node
  linkType: hard

"utila@npm:^0.4.0, utila@npm:~0.4":
  version: 0.4.0
  resolution: "utila@npm:0.4.0"
  checksum: 2/6799b0a5666ac26fb547068e6967e51b534e290174b10ae26e500c216197b0faed9be8a12108bc408ce475ce1002c866aac2d1d4e1453dc72b441d8900f2063a
  languageName: node
  linkType: hard

"which@npm:^1.2.9":
  version: 1.3.1
  resolution: "which@npm:1.3.1"
  dependencies:
    isexe: ^2.0.0
  bin:
    which: ./bin/which
  checksum: 2/298d95f9c185c4da22c1bfb1fdfa37c2ba56df8a6b98706ab361bf31a7d3a4845afaecfc48d4de7a259048842b5f2977f51b56f5c06c1f6a83dcf5a9e3de634a
  languageName: node
  linkType: hard

"workspaces-poc@workspace:.":
  version: 0.0.0-use.local
  resolution: "workspaces-poc@workspace:."
  dependencies:
    taskfile: ^0.10.0
    typescript: ^3.8.2
  languageName: unknown
  linkType: soft

"wrappy@npm:1":
  version: 1.0.2
  resolution: "wrappy@npm:1.0.2"
  checksum: 2/519fcda0fcdf0c16327be2de9d98646742307bc830277e8868529fcf7566f2b330a6453c233e0cdcb767d5838dd61a90984a02ecc983bcddebea5ad0833bbf98
  languageName: node
  linkType: hard

"yn@npm:3.1.1":
  version: 3.1.1
  resolution: "yn@npm:3.1.1"
  checksum: 2/bff63b80568d80c711670935427494dde47cdf97e8b04196b140ce0af519c81c5ee857eddad0caa8b422dd65aea0157bbfaacbb1546bebba623f0f383d5d9ae5
  languageName: node
  linkType: hard
